
Microsoft Visual Studio Solution File, Format Version 12.00
# Visual Studio 15
VisualStudioVersion = 15.0.27703.2047
MinimumVisualStudioVersion = 10.0.40219.1
Project("{FAE04EC0-301F-11D3-BF4B-00C04F79EFBC}") = "RetryBehavior", "RetryBehavior\RetryBehavior.csproj", "{2DA6CDDD-B8A5-445B-99A9-783829C5DE60}"
EndProject
Project("{FAE04EC0-301F-11D3-BF4B-00C04F79EFBC}") = "RetryBehavior.Test", "RetryBehavior.Test\RetryBehavior.Test.csproj", "{AB764E2D-CB6F-4AEC-9AEC-992BCEE13A19}"
EndProject
Global
	GlobalSection(SolutionConfigurationPlatforms) = preSolution
		Debug|Any CPU = Debug|Any CPU
		Release|Any CPU = Release|Any CPU
	EndGlobalSection
	GlobalSection(ProjectConfigurationPlatforms) = postSolution
		{2DA6CDDD-B8A5-445B-99A9-783829C5DE60}.Debug|Any CPU.ActiveCfg = Debug|Any CPU
		{2DA6CDDD-B8A5-445B-99A9-783829C5DE60}.Debug|Any CPU.Build.0 = Debug|Any CPU
		{2DA6CDDD-B8A5-445B-99A9-783829C5DE60}.Release|Any CPU.ActiveCfg = Release|Any CPU
		{2DA6CDDD-B8A5-445B-99A9-783829C5DE60}.Release|Any CPU.Build.0 = Release|Any CPU
		{AB764E2D-CB6F-4AEC-9AEC-992BCEE13A19}.Debug|Any CPU.ActiveCfg = Debug|Any CPU
		{AB764E2D-CB6F-4AEC-9AEC-992BCEE13A19}.Debug|Any CPU.Build.0 = Debug|Any CPU
		{AB764E2D-CB6F-4AEC-9AEC-992BCEE13A19}.Release|Any CPU.ActiveCfg = Release|Any CPU
		{AB764E2D-CB6F-4AEC-9AEC-992BCEE13A19}.Release|Any CPU.Build.0 = Release|Any CPU
	EndGlobalSection
	GlobalSection(SolutionProperties) = preSolution
		HideSolutionNode = FALSE
	EndGlobalSection
	GlobalSection(ExtensibilityGlobals) = postSolution
		SolutionGuid = {A47D07DF-DD25-42EB-99BC-C3D638307579}
	EndGlobalSection
EndGlobal
